<Solution>
  <Configurations>
    <Platform Name="Any CPU" />
    <Platform Name="x64" />
    <Platform Name="x86" />
  </Configurations>
  <Project Path="command-line/command-line.vcxproj" Id="9f132b0d-d55f-4273-b968-5047340a2180" />
  <Project Path="gui-tkinter/gui-tkinter.pyproj" Id="2c053fe0-a851-4070-855b-3049625ae015" Type="{888888a0-9f3d-457c-b088-3a5042f75d52}" />
</Solution>
